{
  "nodes": {
    "base16": {
      "inputs": {
        "fromYaml": "fromYaml"
      },
      "locked": {
        "lastModified": 1708890466,
        "narHash": "sha256-LlrC09LoPi8OPYOGPXegD72v+//VapgAqhbOFS3i8sc=",
        "owner": "SenchoPens",
        "repo": "base16.nix",
        "rev": "665b3c6748534eb766c777298721cece9453fdae",
        "type": "github"
      },
      "original": {
        "owner": "SenchoPens",
        "repo": "base16.nix",
        "type": "github"
      }
    },
    "base16-fish": {
      "flake": false,
      "locked": {
        "lastModified": 1622559957,
        "narHash": "sha256-PebymhVYbL8trDVVXxCvZgc0S5VxI7I1Hv4RMSquTpA=",
        "owner": "tomyun",
        "repo": "base16-fish",
        "rev": "2f6dd973a9075dabccd26f1cded09508180bf5fe",
        "type": "github"
      },
      "original": {
        "owner": "tomyun",
        "repo": "base16-fish",
        "type": "github"
      }
    },
    "base16-foot": {
      "flake": false,
      "locked": {
        "lastModified": 1696725948,
        "narHash": "sha256-65bz2bUL/yzZ1c8/GQASnoiGwaF8DczlxJtzik1c0AU=",
        "owner": "tinted-theming",
        "repo": "base16-foot",
        "rev": "eedbcfa30de0a4baa03e99f5e3ceb5535c2755ce",
        "type": "github"
      },
      "original": {
        "owner": "tinted-theming",
        "repo": "base16-foot",
        "type": "github"
      }
    },
    "base16-helix": {
      "flake": false,
      "locked": {
        "lastModified": 1696727917,
        "narHash": "sha256-FVrbPk+NtMra0jtlC5oxyNchbm8FosmvXIatkRbYy1g=",
        "owner": "tinted-theming",
        "repo": "base16-helix",
        "rev": "dbe1480d99fe80f08df7970e471fac24c05f2ddb",
        "type": "github"
      },
      "original": {
        "owner": "tinted-theming",
        "repo": "base16-helix",
        "type": "github"
      }
    },
    "base16-kitty": {
      "flake": false,
      "locked": {
        "lastModified": 1665001328,
        "narHash": "sha256-aRaizTYPpuWEcvoYE9U+YRX+Wsc8+iG0guQJbvxEdJY=",
        "owner": "kdrag0n",
        "repo": "base16-kitty",
        "rev": "06bb401fa9a0ffb84365905ffbb959ae5bf40805",
        "type": "github"
      },
      "original": {
        "owner": "kdrag0n",
        "repo": "base16-kitty",
        "type": "github"
      }
    },
    "base16-tmux": {
      "flake": false,
      "locked": {
        "lastModified": 1696725902,
        "narHash": "sha256-wDPg5elZPcQpu7Df0lI5O8Jv4A3T6jUQIVg63KDU+3Q=",
        "owner": "tinted-theming",
        "repo": "base16-tmux",
        "rev": "c02050bebb60dbb20cb433cd4d8ce668ecc11ba7",
        "type": "github"
      },
      "original": {
        "owner": "tinted-theming",
        "repo": "base16-tmux",
        "type": "github"
      }
    },
    "base16-vim": {
      "flake": false,
      "locked": {
        "lastModified": 1663659192,
        "narHash": "sha256-uJvaYYDMXvoo0fhBZUhN8WBXeJ87SRgof6GEK2efFT0=",
        "owner": "chriskempson",
        "repo": "base16-vim",
        "rev": "3be3cd82cd31acfcab9a41bad853d9c68d30478d",
        "type": "github"
      },
      "original": {
        "owner": "chriskempson",
        "repo": "base16-vim",
        "type": "github"
      }
    },
    "flake-compat": {
      "flake": false,
      "locked": {
        "lastModified": 1673956053,
        "narHash": "sha256-4gtG9iQuiKITOjNQQeQIpoIB6b16fm+504Ch3sNKLd8=",
        "owner": "edolstra",
        "repo": "flake-compat",
        "rev": "35bb57c0c8d8b62bbfd284272c928ceb64ddbde9",
        "type": "github"
      },
      "original": {
        "owner": "edolstra",
        "repo": "flake-compat",
        "type": "github"
      }
    },
    "flake-utils": {
      "inputs": {
        "systems": "systems"
      },
      "locked": {
        "lastModified": 1710146030,
        "narHash": "sha256-SZ5L6eA7HJ/nmkzGG7/ISclqe6oZdOZTNoesiInkXPQ=",
        "owner": "numtide",
        "repo": "flake-utils",
        "rev": "b1d9ab70662946ef0850d488da1c9019f3a9752a",
        "type": "github"
      },
      "original": {
        "owner": "numtide",
        "repo": "flake-utils",
        "type": "github"
      }
    },
    "fromYaml": {
      "flake": false,
      "locked": {
        "lastModified": 1689549921,
        "narHash": "sha256-iX0pk/uB019TdBGlaJEWvBCfydT6sRq+eDcGPifVsCM=",
        "owner": "SenchoPens",
        "repo": "fromYaml",
        "rev": "11fbbbfb32e3289d3c631e0134a23854e7865c84",
        "type": "github"
      },
      "original": {
        "owner": "SenchoPens",
        "repo": "fromYaml",
        "type": "github"
      }
    },
    "gnome-shell": {
      "flake": false,
      "locked": {
        "lastModified": 1713702291,
        "narHash": "sha256-zYP1ehjtcV8fo+c+JFfkAqktZ384Y+y779fzmR9lQAU=",
        "owner": "GNOME",
        "repo": "gnome-shell",
        "rev": "0d0aadf013f78a7f7f1dc984d0d812971864b934",
        "type": "github"
      },
      "original": {
        "owner": "GNOME",
        "ref": "46.1",
        "repo": "gnome-shell",
        "type": "github"
      }
    },
    "home-manager": {
      "inputs": {
        "nixpkgs": [
          "nixpkgs"
        ]
      },
      "locked": {
        "lastModified": 1739570999,
        "narHash": "sha256-eCc0/Q4bPpe4/AS+uzIrHLJcR6BxPQ69q2kD0/Qe6rU=",
        "owner": "nix-community",
        "repo": "home-manager",
        "rev": "254d47082e23dbf72fdeca1da6fe1da420f478d8",
        "type": "github"
      },
      "original": {
        "owner": "nix-community",
        "ref": "release-24.11",
        "repo": "home-manager",
        "type": "github"
      }
    },
    "nix-cursors": {
      "inputs": {
        "nixpkgs": [
          "nixpkgs"
        ]
      },
      "locked": {
        "lastModified": 1716041700,
        "narHash": "sha256-4jDR/KQmtsDw/nCvpy9VvWQgtc+4R4eyrb8eJSz+KCw=",
        "owner": "LilleAila",
        "repo": "nix-cursors",
        "rev": "d119b747e47a7a24660676f59c77272d664ec61e",
        "type": "github"
      },
      "original": {
        "owner": "LilleAila",
        "repo": "nix-cursors",
        "type": "github"
      }
    },
    "nix-formatter-pack": {
      "inputs": {
        "nixpkgs": [
          "nix-on-droid",
          "nixpkgs"
        ],
        "nmd": "nmd",
        "nmt": "nmt"
      },
      "locked": {
        "lastModified": 1705252799,
        "narHash": "sha256-HgSTREh7VoXjGgNDwKQUYcYo13rPkltW7IitHrTPA5c=",
        "owner": "Gerschtli",
        "repo": "nix-formatter-pack",
        "rev": "2de39dedd79aab14c01b9e2934842051a160ffa5",
        "type": "github"
      },
      "original": {
        "owner": "Gerschtli",
        "repo": "nix-formatter-pack",
        "type": "github"
      }
    },
    "nix-github-actions": {
      "inputs": {
        "nixpkgs": [
          "poetry2nixJobber",
          "nixpkgs"
        ]
      },
      "locked": {
        "lastModified": 1703863825,
        "narHash": "sha256-rXwqjtwiGKJheXB43ybM8NwWB8rO2dSRrEqes0S7F5Y=",
        "owner": "nix-community",
        "repo": "nix-github-actions",
        "rev": "5163432afc817cf8bd1f031418d1869e4c9d5547",
        "type": "github"
      },
      "original": {
        "owner": "nix-community",
        "repo": "nix-github-actions",
        "type": "github"
      }
    },
    "nix-on-droid": {
      "inputs": {
        "home-manager": [
          "home-manager"
        ],
        "nix-formatter-pack": "nix-formatter-pack",
        "nixpkgs": [
          "nixpkgs"
        ],
        "nixpkgs-docs": "nixpkgs-docs",
        "nixpkgs-for-bootstrap": "nixpkgs-for-bootstrap",
        "nmd": "nmd_2"
      },
      "locked": {
        "lastModified": 1720396533,
        "narHash": "sha256-UFzk/hZWO1VkciIO5UPaSpJN8s765wsngUSvtJM6d5Q=",
        "owner": "t184256",
        "repo": "nix-on-droid",
        "rev": "f3d3b8294039f2f9a8fb7ea82c320f29c6b0fe25",
        "type": "github"
      },
      "original": {
        "owner": "t184256",
        "ref": "release-24.05",
        "repo": "nix-on-droid",
        "type": "github"
      }
    },
    "nixpkgs": {
      "locked": {
        "lastModified": 1739484910,
        "narHash": "sha256-wjWLzdM7PIq4ZAe7k3vyjtgVJn6b0UeodtRFlM/6W5U=",
        "owner": "nixos",
        "repo": "nixpkgs",
        "rev": "0b73e36b1962620a8ac551a37229dd8662dac5c8",
        "type": "github"
      },
      "original": {
        "owner": "nixos",
        "ref": "nixos-24.11",
        "repo": "nixpkgs",
        "type": "github"
      }
    },
    "nixpkgs-docs": {
      "locked": {
        "lastModified": 1705957679,
        "narHash": "sha256-Q8LJaVZGJ9wo33wBafvZSzapYsjOaNjP/pOnSiKVGHY=",
        "owner": "NixOS",
        "repo": "nixpkgs",
        "rev": "9a333eaa80901efe01df07eade2c16d183761fa3",
        "type": "github"
      },
      "original": {
        "owner": "NixOS",
        "ref": "release-23.05",
        "repo": "nixpkgs",
        "type": "github"
      }
    },
    "nixpkgs-for-bootstrap": {
      "locked": {
        "lastModified": 1720244366,
        "narHash": "sha256-WrDV0FPMVd2Sq9hkR5LNHudS3OSMmUrs90JUTN+MXpA=",
        "owner": "NixOS",
        "repo": "nixpkgs",
        "rev": "49ee0e94463abada1de470c9c07bfc12b36dcf40",
        "type": "github"
      },
      "original": {
        "owner": "NixOS",
        "repo": "nixpkgs",
        "rev": "49ee0e94463abada1de470c9c07bfc12b36dcf40",
        "type": "github"
      }
    },
    "nixpkgsJobber": {
      "locked": {
        "lastModified": 1717786204,
        "narHash": "sha256-4q0s6m0GUcN7q+Y2DqD27iLvbcd1G50T2lv08kKxkSI=",
        "owner": "nixos",
        "repo": "nixpkgs",
        "rev": "051f920625ab5aabe37c920346e3e69d7d34400e",
        "type": "github"
      },
      "original": {
        "owner": "nixos",
        "repo": "nixpkgs",
        "rev": "051f920625ab5aabe37c920346e3e69d7d34400e",
        "type": "github"
      }
    },
    "nixpkgsMaster": {
      "locked": {
        "lastModified": 1739722028,
        "narHash": "sha256-0pN671tHe55SWlOqz17djiF/zNeq1YkLq5iFjqHYpQ8=",
        "owner": "nixos",
        "repo": "nixpkgs",
        "rev": "e0ad638ace1542ee00026629b3429494cf6afa31",
        "type": "github"
      },
      "original": {
        "owner": "nixos",
        "ref": "master",
        "repo": "nixpkgs",
        "type": "github"
      }
    },
    "nixpkgsUnstable": {
      "locked": {
        "lastModified": 1739446958,
        "narHash": "sha256-+/bYK3DbPxMIvSL4zArkMX0LQvS7rzBKXnDXLfKyRVc=",
        "owner": "nixos",
        "repo": "nixpkgs",
        "rev": "2ff53fe64443980e139eaa286017f53f88336dd0",
        "type": "github"
      },
      "original": {
        "owner": "nixos",
        "ref": "nixos-unstable",
        "repo": "nixpkgs",
        "type": "github"
      }
    },
    "nixpkgs_2": {
      "locked": {
        "lastModified": 1717298511,
        "narHash": "sha256-9sXuJn/nL+9ImeYtlspTvjt83z1wIgU+9AwfNbnq+tI=",
        "owner": "NixOS",
        "repo": "nixpkgs",
        "rev": "6634a0509e9e81e980b129435fbbec518ab246d0",
        "type": "github"
      },
      "original": {
        "owner": "NixOS",
        "ref": "nixos-unstable-small",
        "repo": "nixpkgs",
        "type": "github"
      }
    },
    "nmd": {
      "flake": false,
      "locked": {
        "lastModified": 1666190571,
        "narHash": "sha256-Z1hc7M9X6L+H83o9vOprijpzhTfOBjd0KmUTnpHAVjA=",
        "owner": "rycee",
        "repo": "nmd",
        "rev": "b75d312b4f33bd3294cd8ae5c2ca8c6da2afc169",
        "type": "gitlab"
      },
      "original": {
        "owner": "rycee",
        "repo": "nmd",
        "type": "gitlab"
      }
    },
    "nmd_2": {
      "inputs": {
        "nixpkgs": [
          "nix-on-droid",
          "nixpkgs-docs"
        ],
        "scss-reset": "scss-reset"
      },
      "locked": {
        "lastModified": 1705050560,
        "narHash": "sha256-x3zzcdvhJpodsmdjqB4t5mkVW22V3wqHLOun0KRBzUI=",
        "owner": "~rycee",
        "repo": "nmd",
        "rev": "66d9334933119c36f91a78d565c152a4fdc8d3d3",
        "type": "sourcehut"
      },
      "original": {
        "owner": "~rycee",
        "repo": "nmd",
        "type": "sourcehut"
      }
    },
    "nmt": {
      "flake": false,
      "locked": {
        "lastModified": 1648075362,
        "narHash": "sha256-u36WgzoA84dMVsGXzml4wZ5ckGgfnvS0ryzo/3zn/Pc=",
        "owner": "rycee",
        "repo": "nmt",
        "rev": "d83601002c99b78c89ea80e5e6ba21addcfe12ae",
        "type": "gitlab"
      },
      "original": {
        "owner": "rycee",
        "repo": "nmt",
        "type": "gitlab"
      }
    },
    "nvimAlign": {
      "flake": false,
      "locked": {
        "lastModified": 1738331029,
        "narHash": "sha256-g/sEXVUARbQ/i0yAGhdc9UW8C5n9aGj3WdYCnFjJpYg=",
        "owner": "echasnovski",
        "repo": "mini.align",
        "rev": "3bdf6f0b91b31db5300a7b04f53f296a7fb150c1",
        "type": "github"
      },
      "original": {
        "owner": "echasnovski",
        "repo": "mini.align",
        "type": "github"
      }
    },
    "nvimAutoclose": {
      "flake": false,
      "locked": {
        "lastModified": 1721556834,
        "narHash": "sha256-mIInxvk4CQ6gXVTPyGNTFHpmtCYb8J5U+99+NyyPSmM=",
        "owner": "m4xshen",
        "repo": "autoclose.nvim",
        "rev": "b2077aa2c83df7ebc19b2a20a3a0654b24ae9c8f",
        "type": "github"
      },
      "original": {
        "owner": "m4xshen",
        "repo": "autoclose.nvim",
        "type": "github"
      }
    },
    "nvimBufferline": {
      "flake": false,
      "locked": {
        "lastModified": 1736870559,
        "narHash": "sha256-ae4MB6+6v3awvfSUWlau9ASJ147ZpwuX1fvJdfMwo1Q=",
        "owner": "akinsho",
        "repo": "bufferline.nvim",
        "rev": "655133c3b4c3e5e05ec549b9f8cc2894ac6f51b3",
        "type": "github"
      },
      "original": {
        "owner": "akinsho",
        "repo": "bufferline.nvim",
        "type": "github"
      }
    },
    "nvimCloseBuffers": {
      "flake": false,
      "locked": {
        "lastModified": 1636931460,
        "narHash": "sha256-/jk38ebxKTlyH3AsrSQWMl/cErmu6threyy/MIrdzD4=",
        "owner": "kazhala",
        "repo": "close-buffers.nvim",
        "rev": "3acbcad1211572342632a6c0151f839e7dead27f",
        "type": "github"
      },
      "original": {
        "owner": "kazhala",
        "repo": "close-buffers.nvim",
        "type": "github"
      }
    },
    "nvimColorizer": {
      "flake": false,
      "locked": {
        "lastModified": 1739616721,
        "narHash": "sha256-ZS15FyuqBBHgLBTDbY/WTsS6E3cZ6yFmylPbhziJ0sI=",
        "owner": "brenoprata10",
        "repo": "nvim-highlight-colors",
        "rev": "19061e8f964716fd72a3b7799f3596de42c49bcc",
        "type": "github"
      },
      "original": {
        "owner": "brenoprata10",
        "repo": "nvim-highlight-colors",
        "type": "github"
      }
    },
    "nvimCtags": {
      "flake": false,
      "locked": {
        "lastModified": 1733669234,
        "narHash": "sha256-AlTDny/eaBJpxnIenU5ynaRUkPrXJLh4CduiOzdCAxo=",
        "owner": "netmute",
        "repo": "ctags-lsp.nvim",
        "rev": "aaae7b5d8dc7aeb836c63301b8eb7311af49bb2a",
        "type": "github"
      },
      "original": {
        "owner": "netmute",
        "repo": "ctags-lsp.nvim",
        "type": "github"
      }
    },
    "nvimDevicons": {
      "flake": false,
      "locked": {
        "lastModified": 1739285356,
        "narHash": "sha256-WOFtHvNlPP1JRLdCfFRXEOUx+1z5d5ncm+pS0wpDjAg=",
        "owner": "nvim-tree",
        "repo": "nvim-web-devicons",
        "rev": "1020869742ecb191f260818234517f4a1515cfe8",
        "type": "github"
      },
      "original": {
        "owner": "nvim-tree",
        "repo": "nvim-web-devicons",
        "type": "github"
      }
    },
    "nvimDressing": {
      "flake": false,
      "locked": {
        "lastModified": 1739381641,
        "narHash": "sha256-dBz+/gZA6O6fJy/GSgM6ZHGAR3MTGt/W1olzzTYRlgM=",
        "owner": "stevearc",
        "repo": "dressing.nvim",
        "rev": "2d7c2db2507fa3c4956142ee607431ddb2828639",
        "type": "github"
      },
      "original": {
        "owner": "stevearc",
        "repo": "dressing.nvim",
        "type": "github"
      }
    },
    "nvimGen": {
      "flake": false,
      "locked": {
        "lastModified": 1735503365,
        "narHash": "sha256-s3Ky2uhRviKAaKF3iCF2uHctzk+kFV7BnqyxAGwqhbo=",
        "owner": "David-Kunz",
        "repo": "gen.nvim",
        "rev": "e09a8dbffa139ad60d5b47998fcc8669ead1ebf4",
        "type": "github"
      },
      "original": {
        "owner": "David-Kunz",
        "repo": "gen.nvim",
        "type": "github"
      }
    },
    "nvimGitsigns": {
      "flake": false,
      "locked": {
        "lastModified": 1739632191,
        "narHash": "sha256-zniJtZLIO1dxcrInUG8sqQaCQqtztDObW0+yKLOb1yo=",
        "owner": "lewis6991",
        "repo": "gitsigns.nvim",
        "rev": "8b00147519d6f8353867d5d0b55f587306b0cfb6",
        "type": "github"
      },
      "original": {
        "owner": "lewis6991",
        "repo": "gitsigns.nvim",
        "type": "github"
      }
    },
    "nvimGruvboxMaterial": {
      "flake": false,
      "locked": {
        "lastModified": 1739009760,
        "narHash": "sha256-3Er00U/Bz+hSRhUSpfmjWdnPHNw9SmceOoG5gg2pUj8=",
        "owner": "sainnhe",
        "repo": "gruvbox-material",
        "rev": "1aa1842d80a8845842b9340df2d93683d667247b",
        "type": "github"
      },
      "original": {
        "owner": "sainnhe",
        "repo": "gruvbox-material",
        "type": "github"
      }
    },
    "nvimIndentoMatic": {
      "flake": false,
      "locked": {
        "lastModified": 1685816927,
        "narHash": "sha256-scdMOPZZcAxaSf2KN/cOzKFrbv7tm1bwbtV0KgfuUOg=",
        "owner": "Darazaki",
        "repo": "indent-o-matic",
        "rev": "4d11e98f523d3c4500b1dc33f0d1a248a4f69719",
        "type": "github"
      },
      "original": {
        "owner": "Darazaki",
        "repo": "indent-o-matic",
        "type": "github"
      }
    },
    "nvimLspconfig": {
      "flake": false,
      "locked": {
        "lastModified": 1739550566,
        "narHash": "sha256-HY68FeThIYpRWiMQpFy5kVrXdPt/cjZbjgE9NOxo/ak=",
        "owner": "neovim",
        "repo": "nvim-lspconfig",
        "rev": "7af2c37192deae28d1305ae9e68544f7fb5408e1",
        "type": "github"
      },
      "original": {
        "owner": "neovim",
        "repo": "nvim-lspconfig",
        "type": "github"
      }
    },
    "nvimPlenary": {
      "flake": false,
      "locked": {
        "lastModified": 1739311008,
        "narHash": "sha256-8FV5RjF7QbDmQOQynpK7uRKONKbPRYbOPugf9ZxNvUs=",
        "owner": "nvim-lua",
        "repo": "plenary.nvim",
        "rev": "857c5ac632080dba10aae49dba902ce3abf91b35",
        "type": "github"
      },
      "original": {
        "owner": "nvim-lua",
        "repo": "plenary.nvim",
        "type": "github"
      }
    },
    "nvimTelescope": {
      "flake": false,
      "locked": {
        "lastModified": 1739304080,
        "narHash": "sha256-zeyZMh5exWSK8tERzPF/qE24qpaVek7G4sO/yprXYqM=",
        "owner": "nvim-telescope",
        "repo": "telescope.nvim",
        "rev": "78857db9e8d819d3cc1a9a7bdc1d39d127a36495",
        "type": "github"
      },
      "original": {
        "owner": "nvim-telescope",
        "repo": "telescope.nvim",
        "type": "github"
      }
    },
    "nvimTodo": {
      "flake": false,
      "locked": {
        "lastModified": 1736873412,
        "narHash": "sha256-at9OSBtQqyiDdxKdNn2x6z4k8xrDD90sACKEK7uKNUM=",
        "owner": "folke",
        "repo": "todo-comments.nvim",
        "rev": "304a8d204ee787d2544d8bc23cd38d2f929e7cc5",
        "type": "github"
      },
      "original": {
        "owner": "folke",
        "repo": "todo-comments.nvim",
        "type": "github"
      }
    },
    "nvimTree": {
      "flake": false,
      "locked": {
        "lastModified": 1739135162,
        "narHash": "sha256-EprjYnY3cr2l+hEeVrf58yUl0mC60HQUmngHxoJo+KA=",
        "owner": "nvim-tree",
        "repo": "nvim-tree.lua",
        "rev": "80523101f0ae48b7f1990e907b685a3d79776c01",
        "type": "github"
      },
      "original": {
        "owner": "nvim-tree",
        "repo": "nvim-tree.lua",
        "type": "github"
      }
    },
    "nvimTreesitter": {
      "flake": false,
      "locked": {
        "lastModified": 1739720862,
        "narHash": "sha256-cHCgs1HwJZu8BpTYY6nfBOLZI80shHvzm0Y+wgp3JAM=",
        "owner": "nvim-treesitter",
        "repo": "nvim-treesitter",
        "rev": "2cade9e3d105732b794bc37e7cb2dc53b1cf99dc",
        "type": "github"
      },
      "original": {
        "owner": "nvim-treesitter",
        "repo": "nvim-treesitter",
        "type": "github"
      }
    },
    "nvimTrouble": {
      "flake": false,
      "locked": {
        "lastModified": 1739392872,
        "narHash": "sha256-au9wp88a0CutEf2f8Bi0vFTUR0zvQKgFX1vMVg4myGI=",
        "owner": "folke",
        "repo": "trouble.nvim",
        "rev": "85bedb7eb7fa331a2ccbecb9202d8abba64d37b3",
        "type": "github"
      },
      "original": {
        "owner": "folke",
        "repo": "trouble.nvim",
        "type": "github"
      }
    },
    "poetry2nixJobber": {
      "inputs": {
        "flake-utils": "flake-utils",
        "nix-github-actions": "nix-github-actions",
        "nixpkgs": "nixpkgs_2",
        "systems": "systems_2",
        "treefmt-nix": "treefmt-nix"
      },
      "locked": {
        "lastModified": 1717965289,
        "narHash": "sha256-62VsS1MvwcsyYWnxxOD9rX5yqDUvMXH7qE3Kj8HECYE=",
        "owner": "nix-community",
        "repo": "poetry2nix",
        "rev": "304f8235fb0729fd48567af34fcd1b58d18f9b95",
        "type": "github"
      },
      "original": {
        "owner": "nix-community",
        "repo": "poetry2nix",
        "rev": "304f8235fb0729fd48567af34fcd1b58d18f9b95",
        "type": "github"
      }
    },
    "root": {
      "inputs": {
        "home-manager": "home-manager",
        "nix-cursors": "nix-cursors",
        "nix-on-droid": "nix-on-droid",
        "nixpkgs": "nixpkgs",
        "nixpkgsJobber": "nixpkgsJobber",
        "nixpkgsMaster": "nixpkgsMaster",
        "nixpkgsUnstable": "nixpkgsUnstable",
        "nvimAlign": "nvimAlign",
        "nvimAutoclose": "nvimAutoclose",
        "nvimBufferline": "nvimBufferline",
        "nvimCloseBuffers": "nvimCloseBuffers",
        "nvimColorizer": "nvimColorizer",
        "nvimCtags": "nvimCtags",
        "nvimDevicons": "nvimDevicons",
        "nvimDressing": "nvimDressing",
        "nvimGen": "nvimGen",
        "nvimGitsigns": "nvimGitsigns",
        "nvimGruvboxMaterial": "nvimGruvboxMaterial",
        "nvimIndentoMatic": "nvimIndentoMatic",
        "nvimLspconfig": "nvimLspconfig",
        "nvimPlenary": "nvimPlenary",
        "nvimTelescope": "nvimTelescope",
        "nvimTodo": "nvimTodo",
        "nvimTree": "nvimTree",
        "nvimTreesitter": "nvimTreesitter",
        "nvimTrouble": "nvimTrouble",
        "poetry2nixJobber": "poetry2nixJobber",
        "stylix": "stylix"
      }
    },
    "scss-reset": {
      "flake": false,
      "locked": {
        "lastModified": 1631450058,
        "narHash": "sha256-muDlZJPtXDIGevSEWkicPP0HQ6VtucbkMNygpGlBEUM=",
        "owner": "andreymatin",
        "repo": "scss-reset",
        "rev": "0cf50e27a4e95e9bb5b1715eedf9c54dee1a5a91",
        "type": "github"
      },
      "original": {
        "owner": "andreymatin",
        "repo": "scss-reset",
        "type": "github"
      }
    },
    "stylix": {
      "inputs": {
        "base16": "base16",
        "base16-fish": "base16-fish",
        "base16-foot": "base16-foot",
        "base16-helix": "base16-helix",
        "base16-kitty": "base16-kitty",
        "base16-tmux": "base16-tmux",
        "base16-vim": "base16-vim",
        "flake-compat": "flake-compat",
        "gnome-shell": "gnome-shell",
        "home-manager": [
          "home-manager"
        ],
        "nixpkgs": [
          "nixpkgs"
        ]
      },
      "locked": {
        "lastModified": 1718122552,
        "narHash": "sha256-A+dBkSwp8ssHKV/WyXb9uqIYrHBqHvtSedU24Lq9lqw=",
        "owner": "danth",
        "repo": "stylix",
        "rev": "e59d2c1725b237c362e4a62f5722f5b268d566c7",
        "type": "github"
      },
      "original": {
        "owner": "danth",
        "ref": "release-24.05",
        "repo": "stylix",
        "type": "github"
      }
    },
    "systems": {
      "locked": {
        "lastModified": 1681028828,
        "narHash": "sha256-Vy1rq5AaRuLzOxct8nz4T6wlgyUR7zLU309k9mBC768=",
        "owner": "nix-systems",
        "repo": "default",
        "rev": "da67096a3b9bf56a91d16901293e51ba5b49a27e",
        "type": "github"
      },
      "original": {
        "owner": "nix-systems",
        "repo": "default",
        "type": "github"
      }
    },
    "systems_2": {
      "locked": {
        "lastModified": 1681028828,
        "narHash": "sha256-Vy1rq5AaRuLzOxct8nz4T6wlgyUR7zLU309k9mBC768=",
        "owner": "nix-systems",
        "repo": "default",
        "rev": "da67096a3b9bf56a91d16901293e51ba5b49a27e",
        "type": "github"
      },
      "original": {
        "id": "systems",
        "type": "indirect"
      }
    },
    "treefmt-nix": {
      "inputs": {
        "nixpkgs": [
          "poetry2nixJobber",
          "nixpkgs"
        ]
      },
      "locked": {
        "lastModified": 1717278143,
        "narHash": "sha256-u10aDdYrpiGOLoxzY/mJ9llST9yO8Q7K/UlROoNxzDw=",
        "owner": "numtide",
        "repo": "treefmt-nix",
        "rev": "3eb96ca1ae9edf792a8e0963cc92fddfa5a87706",
        "type": "github"
      },
      "original": {
        "owner": "numtide",
        "repo": "treefmt-nix",
        "type": "github"
      }
    }
  },
  "root": "root",
  "version": 7
}
